
Microsoft Visual Studio Solution File, Format Version 12.00
# Visual Studio Version 16
VisualStudioVersion = 16.0.31729.503
MinimumVisualStudioVersion = 10.0.40219.1
Project("{FAE04EC0-301F-11D3-BF4B-00C04F79EFBC}") = "Mediator_Memento", "Mediator_Memento.csproj", "{577A4476-5A78-40AB-8AF1-EDA4B917DCD6}"
EndProject
Global
	GlobalSection(SolutionConfigurationPlatforms) = preSolution
		Debug|Any CPU = Debug|Any CPU
		Release|Any CPU = Release|Any CPU
	EndGlobalSection
	GlobalSection(ProjectConfigurationPlatforms) = postSolution
		{577A4476-5A78-40AB-8AF1-EDA4B917DCD6}.Debug|Any CPU.ActiveCfg = Debug|Any CPU
		{577A4476-5A78-40AB-8AF1-EDA4B917DCD6}.Debug|Any CPU.Build.0 = Debug|Any CPU
		{577A4476-5A78-40AB-8AF1-EDA4B917DCD6}.Release|Any CPU.ActiveCfg = Release|Any CPU
		{577A4476-5A78-40AB-8AF1-EDA4B917DCD6}.Release|Any CPU.Build.0 = Release|Any CPU
	EndGlobalSection
	GlobalSection(SolutionProperties) = preSolution
		HideSolutionNode = FALSE
	EndGlobalSection
	GlobalSection(ExtensibilityGlobals) = postSolution
		SolutionGuid = {C168DD31-3E78-48E9-A19D-7A245288AD62}
	EndGlobalSection
EndGlobal
